
Microsoft Visual Studio Solution File, Format Version 12.00
# Visual Studio 14
VisualStudioVersion = 14.0.25420.1
MinimumVisualStudioVersion = 10.0.40219.1
Project("{FAE04EC0-301F-11D3-BF4B-00C04F79EFBC}") = "WpfDataBindingTutorial", "WpfDataBindingTutorial\WpfDataBindingTutorial.csproj", "{286F2A11-94CC-444D-9086-F24FA7C37047}"
EndProject
Project("{FAE04EC0-301F-11D3-BF4B-00C04F79EFBC}") = "SDKSample", "SDKSample\SDKSample.csproj", "{F1E6ABC7-E215-4C4F-BBA5-102C174CC8EB}"
EndProject
Project("{FAE04EC0-301F-11D3-BF4B-00C04F79EFBC}") = "WpfDataTemplateTutorial", "WpfDataTemplateTutorial\WpfDataTemplateTutorial.csproj", "{85BFE2DB-8F33-4017-A5A5-C39958B0F604}"
EndProject
Project("{FAE04EC0-301F-11D3-BF4B-00C04F79EFBC}") = "DependencyPropertyAndRoutedEvent", "DependencyPropertyAndRoutedEvent\DependencyPropertyAndRoutedEvent.csproj", "{3E58DBD6-071E-401F-9160-44F903E4B869}"
EndProject
Project("{FAE04EC0-301F-11D3-BF4B-00C04F79EFBC}") = "Layout", "Layout\Layout.csproj", "{D2FFFDEE-8040-4DA6-B7E7-F1D032C04158}"
EndProject
Project("{FAE04EC0-301F-11D3-BF4B-00C04F79EFBC}") = "Models", "Models\Models.csproj", "{3206C9F9-9869-4D91-9FB2-160C7D7FA018}"
EndProject
Project("{FAE04EC0-301F-11D3-BF4B-00C04F79EFBC}") = "Controls", "Controls\Controls.csproj", "{8EC12677-4C54-4AB0-BD5B-8B271804436B}"
EndProject
Project("{FAE04EC0-301F-11D3-BF4B-00C04F79EFBC}") = "ContentTemplate", "ContentTemplate\ContentTemplate.csproj", "{1672786C-9D2D-4C7A-8F46-D1CA592C9596}"
EndProject
Global
	GlobalSection(SolutionConfigurationPlatforms) = preSolution
		Debug|Any CPU = Debug|Any CPU
		Release|Any CPU = Release|Any CPU
	EndGlobalSection
	GlobalSection(ProjectConfigurationPlatforms) = postSolution
		{286F2A11-94CC-444D-9086-F24FA7C37047}.Debug|Any CPU.ActiveCfg = Debug|Any CPU
		{286F2A11-94CC-444D-9086-F24FA7C37047}.Debug|Any CPU.Build.0 = Debug|Any CPU
		{286F2A11-94CC-444D-9086-F24FA7C37047}.Release|Any CPU.ActiveCfg = Release|Any CPU
		{286F2A11-94CC-444D-9086-F24FA7C37047}.Release|Any CPU.Build.0 = Release|Any CPU
		{F1E6ABC7-E215-4C4F-BBA5-102C174CC8EB}.Debug|Any CPU.ActiveCfg = Debug|Any CPU
		{F1E6ABC7-E215-4C4F-BBA5-102C174CC8EB}.Debug|Any CPU.Build.0 = Debug|Any CPU
		{F1E6ABC7-E215-4C4F-BBA5-102C174CC8EB}.Release|Any CPU.ActiveCfg = Release|Any CPU
		{F1E6ABC7-E215-4C4F-BBA5-102C174CC8EB}.Release|Any CPU.Build.0 = Release|Any CPU
		{85BFE2DB-8F33-4017-A5A5-C39958B0F604}.Debug|Any CPU.ActiveCfg = Debug|Any CPU
		{85BFE2DB-8F33-4017-A5A5-C39958B0F604}.Debug|Any CPU.Build.0 = Debug|Any CPU
		{85BFE2DB-8F33-4017-A5A5-C39958B0F604}.Release|Any CPU.ActiveCfg = Release|Any CPU
		{85BFE2DB-8F33-4017-A5A5-C39958B0F604}.Release|Any CPU.Build.0 = Release|Any CPU
		{3E58DBD6-071E-401F-9160-44F903E4B869}.Debug|Any CPU.ActiveCfg = Debug|Any CPU
		{3E58DBD6-071E-401F-9160-44F903E4B869}.Debug|Any CPU.Build.0 = Debug|Any CPU
		{3E58DBD6-071E-401F-9160-44F903E4B869}.Release|Any CPU.ActiveCfg = Release|Any CPU
		{3E58DBD6-071E-401F-9160-44F903E4B869}.Release|Any CPU.Build.0 = Release|Any CPU
		{D2FFFDEE-8040-4DA6-B7E7-F1D032C04158}.Debug|Any CPU.ActiveCfg = Debug|Any CPU
		{D2FFFDEE-8040-4DA6-B7E7-F1D032C04158}.Debug|Any CPU.Build.0 = Debug|Any CPU
		{D2FFFDEE-8040-4DA6-B7E7-F1D032C04158}.Release|Any CPU.ActiveCfg = Release|Any CPU
		{D2FFFDEE-8040-4DA6-B7E7-F1D032C04158}.Release|Any CPU.Build.0 = Release|Any CPU
		{3206C9F9-9869-4D91-9FB2-160C7D7FA018}.Debug|Any CPU.ActiveCfg = Debug|Any CPU
		{3206C9F9-9869-4D91-9FB2-160C7D7FA018}.Debug|Any CPU.Build.0 = Debug|Any CPU
		{3206C9F9-9869-4D91-9FB2-160C7D7FA018}.Release|Any CPU.ActiveCfg = Release|Any CPU
		{3206C9F9-9869-4D91-9FB2-160C7D7FA018}.Release|Any CPU.Build.0 = Release|Any CPU
		{8EC12677-4C54-4AB0-BD5B-8B271804436B}.Debug|Any CPU.ActiveCfg = Debug|Any CPU
		{8EC12677-4C54-4AB0-BD5B-8B271804436B}.Debug|Any CPU.Build.0 = Debug|Any CPU
		{8EC12677-4C54-4AB0-BD5B-8B271804436B}.Release|Any CPU.ActiveCfg = Release|Any CPU
		{8EC12677-4C54-4AB0-BD5B-8B271804436B}.Release|Any CPU.Build.0 = Release|Any CPU
		{1672786C-9D2D-4C7A-8F46-D1CA592C9596}.Debug|Any CPU.ActiveCfg = Debug|Any CPU
		{1672786C-9D2D-4C7A-8F46-D1CA592C9596}.Debug|Any CPU.Build.0 = Debug|Any CPU
		{1672786C-9D2D-4C7A-8F46-D1CA592C9596}.Release|Any CPU.ActiveCfg = Release|Any CPU
		{1672786C-9D2D-4C7A-8F46-D1CA592C9596}.Release|Any CPU.Build.0 = Release|Any CPU
	EndGlobalSection
	GlobalSection(SolutionProperties) = preSolution
		HideSolutionNode = FALSE
	EndGlobalSection
EndGlobal
