
Microsoft Visual Studio Solution File, Format Version 12.00
# Visual Studio 15
VisualStudioVersion = 15.0.26730.12
MinimumVisualStudioVersion = 10.0.40219.1
Project("{FAE04EC0-301F-11D3-BF4B-00C04F79EFBC}") = "WpfDataBindingTutorial", "WpfDataBindingTutorial\WpfDataBindingTutorial.csproj", "{286F2A11-94CC-444D-9086-F24FA7C37047}"
EndProject
Project("{FAE04EC0-301F-11D3-BF4B-00C04F79EFBC}") = "SDKSample", "SDKSample\SDKSample.csproj", "{F1E6ABC7-E215-4C4F-BBA5-102C174CC8EB}"
EndProject
Project("{FAE04EC0-301F-11D3-BF4B-00C04F79EFBC}") = "WpfDataTemplateTutorial", "WpfDataTemplateTutorial\WpfDataTemplateTutorial.csproj", "{85BFE2DB-8F33-4017-A5A5-C39958B0F604}"
EndProject
Project("{FAE04EC0-301F-11D3-BF4B-00C04F79EFBC}") = "DependencyPropertyAndRoutedEvent", "DependencyPropertyAndRoutedEvent\DependencyPropertyAndRoutedEvent.csproj", "{3E58DBD6-071E-401F-9160-44F903E4B869}"
EndProject
Project("{FAE04EC0-301F-11D3-BF4B-00C04F79EFBC}") = "Layout", "Layout\Layout.csproj", "{D2FFFDEE-8040-4DA6-B7E7-F1D032C04158}"
EndProject
Project("{FAE04EC0-301F-11D3-BF4B-00C04F79EFBC}") = "Models", "Models\Models.csproj", "{3206C9F9-9869-4D91-9FB2-160C7D7FA018}"
EndProject
Project("{FAE04EC0-301F-11D3-BF4B-00C04F79EFBC}") = "Controls", "Controls\Controls.csproj", "{8EC12677-4C54-4AB0-BD5B-8B271804436B}"
EndProject
Project("{FAE04EC0-301F-11D3-BF4B-00C04F79EFBC}") = "ContentTemplate", "ContentTemplate\ContentTemplate.csproj", "{1672786C-9D2D-4C7A-8F46-D1CA592C9596}"
EndProject
Project("{FAE04EC0-301F-11D3-BF4B-00C04F79EFBC}") = "1.ObservableCollectionDemo", "ObservableCollectionDemo\1.ObservableCollectionDemo.csproj", "{B99A64C7-2F70-4B07-8098-52AA933DDCFC}"
EndProject
Project("{2150E333-8FDC-42A3-9474-1A3956D46DE8}") = "Part1-Basic", "Part1-Basic", "{9FB5365C-77C2-4EFC-AAA8-747A20F17C0F}"
EndProject
Project("{2150E333-8FDC-42A3-9474-1A3956D46DE8}") = "Part2-Deepth", "Part2-Deepth", "{60C403DF-48DC-422C-90DC-F1DC40D70D9C}"
EndProject
Project("{2150E333-8FDC-42A3-9474-1A3956D46DE8}") = "Part3-ShapeAndAnimation", "Part3-ShapeAndAnimation", "{E27D2099-0004-4135-9F8F-25D698FACFFE}"
EndProject
Project("{2150E333-8FDC-42A3-9474-1A3956D46DE8}") = "Part4-Template", "Part4-Template", "{D92016C8-3B73-465B-8DD9-559F612F091C}"
EndProject
Project("{2150E333-8FDC-42A3-9474-1A3956D46DE8}") = "Part5-Data", "Part5-Data", "{458BAF47-3CAC-44DB-A9F8-158E8C78B49B}"
EndProject
Project("{2150E333-8FDC-42A3-9474-1A3956D46DE8}") = "Part6-ComplexControl", "Part6-ComplexControl", "{BD312869-A3AD-4F1B-BD7E-12AE65381572}"
EndProject
Project("{2150E333-8FDC-42A3-9474-1A3956D46DE8}") = "Part8-Other", "Part8-Other", "{5232BB79-EB98-488C-817B-7FC4FC7257B8}"
EndProject
Project("{2150E333-8FDC-42A3-9474-1A3956D46DE8}") = "TestDemo", "TestDemo", "{DE3FEE58-B8CB-42B9-B198-51DD550651E1}"
EndProject
Project("{FAE04EC0-301F-11D3-BF4B-00C04F79EFBC}") = "GDIDemo", "GDIDemo\GDIDemo.csproj", "{89FE7E73-FC31-4407-B4EB-9080F770FDFA}"
EndProject
Project("{FAE04EC0-301F-11D3-BF4B-00C04F79EFBC}") = "DirectXDemo", "DirectXDemo\DirectXDemo.csproj", "{2BF17DF9-4E74-48BF-A9F3-DCF7E4CE666A}"
EndProject
Project("{FAE04EC0-301F-11D3-BF4B-00C04F79EFBC}") = "Command", "Command\Command.csproj", "{F5A85434-E69F-41FB-A50C-022626549079}"
EndProject
Project("{FAE04EC0-301F-11D3-BF4B-00C04F79EFBC}") = "BindingDemo", "Binding\BindingDemo.csproj", "{D8CD0BBA-5E73-4B84-BB16-65E0578DCC5F}"
EndProject
Project("{FAE04EC0-301F-11D3-BF4B-00C04F79EFBC}") = "ApplicationDemo", "ApplicationDemo\ApplicationDemo.csproj", "{91D4AEE0-3968-4A39-8EA8-EA4FB6F01323}"
EndProject
Project("{FAE04EC0-301F-11D3-BF4B-00C04F79EFBC}") = "SingleInstanceApplicationDemo", "SingleInstanceApplicationDemo\SingleInstanceApplicationDemo.csproj", "{B4F50BC6-8F0A-4E66-878E-A870211E4B9A}"
EndProject
Project("{FAE04EC0-301F-11D3-BF4B-00C04F79EFBC}") = "ResourceDemo", "ResourceDemo\ResourceDemo.csproj", "{709F7341-4D35-4CA9-B175-9704AE8757BF}"
EndProject
Project("{FAE04EC0-301F-11D3-BF4B-00C04F79EFBC}") = "ResourceLibrary", "WpfCustomControlLibrary1\ResourceLibrary.csproj", "{4C86B87C-39EB-4CC4-9634-09A76432589E}"
EndProject
Project("{FAE04EC0-301F-11D3-BF4B-00C04F79EFBC}") = "StyleBehaviorDemo", "StyleDemo\StyleBehaviorDemo.csproj", "{7689108E-B285-4709-A660-CF23C0CCE762}"
EndProject
Project("{FAE04EC0-301F-11D3-BF4B-00C04F79EFBC}") = "1VisualTreeDisplayDemo", "VisualTreeDisplayDemo\1VisualTreeDisplayDemo.csproj", "{32DF4B63-CD7A-457C-9D86-5706491EB4B6}"
EndProject
Project("{FAE04EC0-301F-11D3-BF4B-00C04F79EFBC}") = "2ControlTemplateBrowserDemo", "2ControlTemplateBrowserDemo\2ControlTemplateBrowserDemo.csproj", "{F7C43951-56A2-4468-BE8F-2BD0C3F09667}"
EndProject
Project("{FAE04EC0-301F-11D3-BF4B-00C04F79EFBC}") = "3CustomContentTemplate", "CustomContentTemplate\3CustomContentTemplate.csproj", "{7DF9E2F2-82CD-4B3E-87D3-AC2017590BA7}"
EndProject
Project("{FAE04EC0-301F-11D3-BF4B-00C04F79EFBC}") = "4CustomElement", "4CustomElement\4CustomElement.csproj", "{74336048-F48E-4A8B-9574-432067F29460}"
EndProject
Global
	GlobalSection(SolutionConfigurationPlatforms) = preSolution
		Debug|Any CPU = Debug|Any CPU
		Release|Any CPU = Release|Any CPU
	EndGlobalSection
	GlobalSection(ProjectConfigurationPlatforms) = postSolution
		{286F2A11-94CC-444D-9086-F24FA7C37047}.Debug|Any CPU.ActiveCfg = Debug|Any CPU
		{286F2A11-94CC-444D-9086-F24FA7C37047}.Debug|Any CPU.Build.0 = Debug|Any CPU
		{286F2A11-94CC-444D-9086-F24FA7C37047}.Release|Any CPU.ActiveCfg = Release|Any CPU
		{286F2A11-94CC-444D-9086-F24FA7C37047}.Release|Any CPU.Build.0 = Release|Any CPU
		{F1E6ABC7-E215-4C4F-BBA5-102C174CC8EB}.Debug|Any CPU.ActiveCfg = Debug|Any CPU
		{F1E6ABC7-E215-4C4F-BBA5-102C174CC8EB}.Debug|Any CPU.Build.0 = Debug|Any CPU
		{F1E6ABC7-E215-4C4F-BBA5-102C174CC8EB}.Release|Any CPU.ActiveCfg = Release|Any CPU
		{F1E6ABC7-E215-4C4F-BBA5-102C174CC8EB}.Release|Any CPU.Build.0 = Release|Any CPU
		{85BFE2DB-8F33-4017-A5A5-C39958B0F604}.Debug|Any CPU.ActiveCfg = Debug|Any CPU
		{85BFE2DB-8F33-4017-A5A5-C39958B0F604}.Debug|Any CPU.Build.0 = Debug|Any CPU
		{85BFE2DB-8F33-4017-A5A5-C39958B0F604}.Release|Any CPU.ActiveCfg = Release|Any CPU
		{85BFE2DB-8F33-4017-A5A5-C39958B0F604}.Release|Any CPU.Build.0 = Release|Any CPU
		{3E58DBD6-071E-401F-9160-44F903E4B869}.Debug|Any CPU.ActiveCfg = Debug|Any CPU
		{3E58DBD6-071E-401F-9160-44F903E4B869}.Debug|Any CPU.Build.0 = Debug|Any CPU
		{3E58DBD6-071E-401F-9160-44F903E4B869}.Release|Any CPU.ActiveCfg = Release|Any CPU
		{3E58DBD6-071E-401F-9160-44F903E4B869}.Release|Any CPU.Build.0 = Release|Any CPU
		{D2FFFDEE-8040-4DA6-B7E7-F1D032C04158}.Debug|Any CPU.ActiveCfg = Debug|Any CPU
		{D2FFFDEE-8040-4DA6-B7E7-F1D032C04158}.Debug|Any CPU.Build.0 = Debug|Any CPU
		{D2FFFDEE-8040-4DA6-B7E7-F1D032C04158}.Release|Any CPU.ActiveCfg = Release|Any CPU
		{D2FFFDEE-8040-4DA6-B7E7-F1D032C04158}.Release|Any CPU.Build.0 = Release|Any CPU
		{3206C9F9-9869-4D91-9FB2-160C7D7FA018}.Debug|Any CPU.ActiveCfg = Debug|Any CPU
		{3206C9F9-9869-4D91-9FB2-160C7D7FA018}.Debug|Any CPU.Build.0 = Debug|Any CPU
		{3206C9F9-9869-4D91-9FB2-160C7D7FA018}.Release|Any CPU.ActiveCfg = Release|Any CPU
		{3206C9F9-9869-4D91-9FB2-160C7D7FA018}.Release|Any CPU.Build.0 = Release|Any CPU
		{8EC12677-4C54-4AB0-BD5B-8B271804436B}.Debug|Any CPU.ActiveCfg = Debug|Any CPU
		{8EC12677-4C54-4AB0-BD5B-8B271804436B}.Debug|Any CPU.Build.0 = Debug|Any CPU
		{8EC12677-4C54-4AB0-BD5B-8B271804436B}.Release|Any CPU.ActiveCfg = Release|Any CPU
		{8EC12677-4C54-4AB0-BD5B-8B271804436B}.Release|Any CPU.Build.0 = Release|Any CPU
		{1672786C-9D2D-4C7A-8F46-D1CA592C9596}.Debug|Any CPU.ActiveCfg = Debug|Any CPU
		{1672786C-9D2D-4C7A-8F46-D1CA592C9596}.Debug|Any CPU.Build.0 = Debug|Any CPU
		{1672786C-9D2D-4C7A-8F46-D1CA592C9596}.Release|Any CPU.ActiveCfg = Release|Any CPU
		{1672786C-9D2D-4C7A-8F46-D1CA592C9596}.Release|Any CPU.Build.0 = Release|Any CPU
		{B99A64C7-2F70-4B07-8098-52AA933DDCFC}.Debug|Any CPU.ActiveCfg = Debug|Any CPU
		{B99A64C7-2F70-4B07-8098-52AA933DDCFC}.Debug|Any CPU.Build.0 = Debug|Any CPU
		{B99A64C7-2F70-4B07-8098-52AA933DDCFC}.Release|Any CPU.ActiveCfg = Release|Any CPU
		{B99A64C7-2F70-4B07-8098-52AA933DDCFC}.Release|Any CPU.Build.0 = Release|Any CPU
		{89FE7E73-FC31-4407-B4EB-9080F770FDFA}.Debug|Any CPU.ActiveCfg = Debug|Any CPU
		{89FE7E73-FC31-4407-B4EB-9080F770FDFA}.Debug|Any CPU.Build.0 = Debug|Any CPU
		{89FE7E73-FC31-4407-B4EB-9080F770FDFA}.Release|Any CPU.ActiveCfg = Release|Any CPU
		{89FE7E73-FC31-4407-B4EB-9080F770FDFA}.Release|Any CPU.Build.0 = Release|Any CPU
		{2BF17DF9-4E74-48BF-A9F3-DCF7E4CE666A}.Debug|Any CPU.ActiveCfg = Debug|Any CPU
		{2BF17DF9-4E74-48BF-A9F3-DCF7E4CE666A}.Debug|Any CPU.Build.0 = Debug|Any CPU
		{2BF17DF9-4E74-48BF-A9F3-DCF7E4CE666A}.Release|Any CPU.ActiveCfg = Release|Any CPU
		{2BF17DF9-4E74-48BF-A9F3-DCF7E4CE666A}.Release|Any CPU.Build.0 = Release|Any CPU
		{F5A85434-E69F-41FB-A50C-022626549079}.Debug|Any CPU.ActiveCfg = Debug|Any CPU
		{F5A85434-E69F-41FB-A50C-022626549079}.Debug|Any CPU.Build.0 = Debug|Any CPU
		{F5A85434-E69F-41FB-A50C-022626549079}.Release|Any CPU.ActiveCfg = Release|Any CPU
		{F5A85434-E69F-41FB-A50C-022626549079}.Release|Any CPU.Build.0 = Release|Any CPU
		{D8CD0BBA-5E73-4B84-BB16-65E0578DCC5F}.Debug|Any CPU.ActiveCfg = Debug|Any CPU
		{D8CD0BBA-5E73-4B84-BB16-65E0578DCC5F}.Debug|Any CPU.Build.0 = Debug|Any CPU
		{D8CD0BBA-5E73-4B84-BB16-65E0578DCC5F}.Release|Any CPU.ActiveCfg = Release|Any CPU
		{D8CD0BBA-5E73-4B84-BB16-65E0578DCC5F}.Release|Any CPU.Build.0 = Release|Any CPU
		{91D4AEE0-3968-4A39-8EA8-EA4FB6F01323}.Debug|Any CPU.ActiveCfg = Debug|Any CPU
		{91D4AEE0-3968-4A39-8EA8-EA4FB6F01323}.Debug|Any CPU.Build.0 = Debug|Any CPU
		{91D4AEE0-3968-4A39-8EA8-EA4FB6F01323}.Release|Any CPU.ActiveCfg = Release|Any CPU
		{91D4AEE0-3968-4A39-8EA8-EA4FB6F01323}.Release|Any CPU.Build.0 = Release|Any CPU
		{B4F50BC6-8F0A-4E66-878E-A870211E4B9A}.Debug|Any CPU.ActiveCfg = Debug|Any CPU
		{B4F50BC6-8F0A-4E66-878E-A870211E4B9A}.Debug|Any CPU.Build.0 = Debug|Any CPU
		{B4F50BC6-8F0A-4E66-878E-A870211E4B9A}.Release|Any CPU.ActiveCfg = Release|Any CPU
		{B4F50BC6-8F0A-4E66-878E-A870211E4B9A}.Release|Any CPU.Build.0 = Release|Any CPU
		{709F7341-4D35-4CA9-B175-9704AE8757BF}.Debug|Any CPU.ActiveCfg = Debug|Any CPU
		{709F7341-4D35-4CA9-B175-9704AE8757BF}.Debug|Any CPU.Build.0 = Debug|Any CPU
		{709F7341-4D35-4CA9-B175-9704AE8757BF}.Release|Any CPU.ActiveCfg = Release|Any CPU
		{709F7341-4D35-4CA9-B175-9704AE8757BF}.Release|Any CPU.Build.0 = Release|Any CPU
		{4C86B87C-39EB-4CC4-9634-09A76432589E}.Debug|Any CPU.ActiveCfg = Debug|Any CPU
		{4C86B87C-39EB-4CC4-9634-09A76432589E}.Debug|Any CPU.Build.0 = Debug|Any CPU
		{4C86B87C-39EB-4CC4-9634-09A76432589E}.Release|Any CPU.ActiveCfg = Release|Any CPU
		{4C86B87C-39EB-4CC4-9634-09A76432589E}.Release|Any CPU.Build.0 = Release|Any CPU
		{7689108E-B285-4709-A660-CF23C0CCE762}.Debug|Any CPU.ActiveCfg = Debug|Any CPU
		{7689108E-B285-4709-A660-CF23C0CCE762}.Debug|Any CPU.Build.0 = Debug|Any CPU
		{7689108E-B285-4709-A660-CF23C0CCE762}.Release|Any CPU.ActiveCfg = Release|Any CPU
		{7689108E-B285-4709-A660-CF23C0CCE762}.Release|Any CPU.Build.0 = Release|Any CPU
		{32DF4B63-CD7A-457C-9D86-5706491EB4B6}.Debug|Any CPU.ActiveCfg = Debug|Any CPU
		{32DF4B63-CD7A-457C-9D86-5706491EB4B6}.Debug|Any CPU.Build.0 = Debug|Any CPU
		{32DF4B63-CD7A-457C-9D86-5706491EB4B6}.Release|Any CPU.ActiveCfg = Release|Any CPU
		{32DF4B63-CD7A-457C-9D86-5706491EB4B6}.Release|Any CPU.Build.0 = Release|Any CPU
		{F7C43951-56A2-4468-BE8F-2BD0C3F09667}.Debug|Any CPU.ActiveCfg = Debug|Any CPU
		{F7C43951-56A2-4468-BE8F-2BD0C3F09667}.Debug|Any CPU.Build.0 = Debug|Any CPU
		{F7C43951-56A2-4468-BE8F-2BD0C3F09667}.Release|Any CPU.ActiveCfg = Release|Any CPU
		{F7C43951-56A2-4468-BE8F-2BD0C3F09667}.Release|Any CPU.Build.0 = Release|Any CPU
		{7DF9E2F2-82CD-4B3E-87D3-AC2017590BA7}.Debug|Any CPU.ActiveCfg = Debug|Any CPU
		{7DF9E2F2-82CD-4B3E-87D3-AC2017590BA7}.Debug|Any CPU.Build.0 = Debug|Any CPU
		{7DF9E2F2-82CD-4B3E-87D3-AC2017590BA7}.Release|Any CPU.ActiveCfg = Release|Any CPU
		{7DF9E2F2-82CD-4B3E-87D3-AC2017590BA7}.Release|Any CPU.Build.0 = Release|Any CPU
		{74336048-F48E-4A8B-9574-432067F29460}.Debug|Any CPU.ActiveCfg = Debug|Any CPU
		{74336048-F48E-4A8B-9574-432067F29460}.Debug|Any CPU.Build.0 = Debug|Any CPU
		{74336048-F48E-4A8B-9574-432067F29460}.Release|Any CPU.ActiveCfg = Release|Any CPU
		{74336048-F48E-4A8B-9574-432067F29460}.Release|Any CPU.Build.0 = Release|Any CPU
	EndGlobalSection
	GlobalSection(SolutionProperties) = preSolution
		HideSolutionNode = FALSE
	EndGlobalSection
	GlobalSection(NestedProjects) = preSolution
		{286F2A11-94CC-444D-9086-F24FA7C37047} = {458BAF47-3CAC-44DB-A9F8-158E8C78B49B}
		{F1E6ABC7-E215-4C4F-BBA5-102C174CC8EB} = {458BAF47-3CAC-44DB-A9F8-158E8C78B49B}
		{85BFE2DB-8F33-4017-A5A5-C39958B0F604} = {458BAF47-3CAC-44DB-A9F8-158E8C78B49B}
		{3E58DBD6-071E-401F-9160-44F903E4B869} = {9FB5365C-77C2-4EFC-AAA8-747A20F17C0F}
		{D2FFFDEE-8040-4DA6-B7E7-F1D032C04158} = {9FB5365C-77C2-4EFC-AAA8-747A20F17C0F}
		{3206C9F9-9869-4D91-9FB2-160C7D7FA018} = {60C403DF-48DC-422C-90DC-F1DC40D70D9C}
		{8EC12677-4C54-4AB0-BD5B-8B271804436B} = {60C403DF-48DC-422C-90DC-F1DC40D70D9C}
		{1672786C-9D2D-4C7A-8F46-D1CA592C9596} = {D92016C8-3B73-465B-8DD9-559F612F091C}
		{B99A64C7-2F70-4B07-8098-52AA933DDCFC} = {DE3FEE58-B8CB-42B9-B198-51DD550651E1}
		{89FE7E73-FC31-4407-B4EB-9080F770FDFA} = {9FB5365C-77C2-4EFC-AAA8-747A20F17C0F}
		{2BF17DF9-4E74-48BF-A9F3-DCF7E4CE666A} = {9FB5365C-77C2-4EFC-AAA8-747A20F17C0F}
		{F5A85434-E69F-41FB-A50C-022626549079} = {60C403DF-48DC-422C-90DC-F1DC40D70D9C}
		{D8CD0BBA-5E73-4B84-BB16-65E0578DCC5F} = {60C403DF-48DC-422C-90DC-F1DC40D70D9C}
		{91D4AEE0-3968-4A39-8EA8-EA4FB6F01323} = {60C403DF-48DC-422C-90DC-F1DC40D70D9C}
		{B4F50BC6-8F0A-4E66-878E-A870211E4B9A} = {60C403DF-48DC-422C-90DC-F1DC40D70D9C}
		{709F7341-4D35-4CA9-B175-9704AE8757BF} = {60C403DF-48DC-422C-90DC-F1DC40D70D9C}
		{4C86B87C-39EB-4CC4-9634-09A76432589E} = {60C403DF-48DC-422C-90DC-F1DC40D70D9C}
		{7689108E-B285-4709-A660-CF23C0CCE762} = {60C403DF-48DC-422C-90DC-F1DC40D70D9C}
		{32DF4B63-CD7A-457C-9D86-5706491EB4B6} = {D92016C8-3B73-465B-8DD9-559F612F091C}
		{F7C43951-56A2-4468-BE8F-2BD0C3F09667} = {D92016C8-3B73-465B-8DD9-559F612F091C}
		{7DF9E2F2-82CD-4B3E-87D3-AC2017590BA7} = {D92016C8-3B73-465B-8DD9-559F612F091C}
		{74336048-F48E-4A8B-9574-432067F29460} = {D92016C8-3B73-465B-8DD9-559F612F091C}
	EndGlobalSection
	GlobalSection(ExtensibilityGlobals) = postSolution
		SolutionGuid = {09933FC0-49C5-450D-863A-A100A853C00E}
	EndGlobalSection
EndGlobal
